// !$*UTF8*$!
{
	archiveVersion = 1;
	classes = {
	};
	objectVersion = 46;
	objects = {

/* Begin PBXAggregateTarget section */
		D836D5371628821D00D3B874 /* gpgme */ = {
			isa = PBXAggregateTarget;
			buildConfigurationList = D836D5381628821D00D3B874 /* Build configuration list for PBXAggregateTarget "gpgme" */;
			buildPhases = (
				D836D53B1628822500D3B874 /* ShellScript */,
			);
			dependencies = (
			);
			name = gpgme;
			productName = gpgme;
		};
/* End PBXAggregateTarget section */

/* Begin PBXBuildFile section */
		D836D4B1162878B700D3B874 /* Cocoa.framework in Frameworks */ = {isa = PBXBuildFile; fileRef = D836D4B0162878B700D3B874 /* Cocoa.framework */; };
		D836D4DF1628798C00D3B874 /* GPGAsyncHelper.h in Headers */ = {isa = PBXBuildFile; fileRef = D836D4C51628798C00D3B874 /* GPGAsyncHelper.h */; settings = {ATTRIBUTES = (Public, ); }; };
		D836D4E01628798C00D3B874 /* GPGContext.h in Headers */ = {isa = PBXBuildFile; fileRef = D836D4C61628798C00D3B874 /* GPGContext.h */; settings = {ATTRIBUTES = (Public, ); }; };
		D836D4E11628798C00D3B874 /* GPGData.h in Headers */ = {isa = PBXBuildFile; fileRef = D836D4C71628798C00D3B874 /* GPGData.h */; settings = {ATTRIBUTES = (Public, ); }; };
		D836D4E21628798C00D3B874 /* GPGDefines.h in Headers */ = {isa = PBXBuildFile; fileRef = D836D4C81628798C00D3B874 /* GPGDefines.h */; settings = {ATTRIBUTES = (Public, ); }; };
		D836D4E31628798C00D3B874 /* GPGEngine.h in Headers */ = {isa = PBXBuildFile; fileRef = D836D4C91628798C00D3B874 /* GPGEngine.h */; settings = {ATTRIBUTES = (Public, ); }; };
		D836D4E41628798C00D3B874 /* GPGEngineHelper.h in Headers */ = {isa = PBXBuildFile; fileRef = D836D4CA1628798C00D3B874 /* GPGEngineHelper.h */; settings = {ATTRIBUTES = (Public, ); }; };
		D836D4E51628798C00D3B874 /* GPGExceptions.h in Headers */ = {isa = PBXBuildFile; fileRef = D836D4CB1628798C00D3B874 /* GPGExceptions.h */; settings = {ATTRIBUTES = (Public, ); }; };
		D836D4E61628798C00D3B874 /* GPGInternals.h in Headers */ = {isa = PBXBuildFile; fileRef = D836D4CC1628798C00D3B874 /* GPGInternals.h */; settings = {ATTRIBUTES = (Public, ); }; };
		D836D4E71628798C00D3B874 /* GPGKey.h in Headers */ = {isa = PBXBuildFile; fileRef = D836D4CD1628798C00D3B874 /* GPGKey.h */; settings = {ATTRIBUTES = (Public, ); }; };
		D836D4E81628798C00D3B874 /* GPGKeyDefines.h in Headers */ = {isa = PBXBuildFile; fileRef = D836D4CE1628798C00D3B874 /* GPGKeyDefines.h */; settings = {ATTRIBUTES = (Public, ); }; };
		D836D4E91628798C00D3B874 /* GPGKeyGroup.h in Headers */ = {isa = PBXBuildFile; fileRef = D836D4CF1628798C00D3B874 /* GPGKeyGroup.h */; settings = {ATTRIBUTES = (Public, ); }; };
		D836D4EA1628798C00D3B874 /* GPGKeySignature.h in Headers */ = {isa = PBXBuildFile; fileRef = D836D4D01628798C00D3B874 /* GPGKeySignature.h */; settings = {ATTRIBUTES = (Public, ); }; };
		D836D4EB1628798C00D3B874 /* GPGObject.h in Headers */ = {isa = PBXBuildFile; fileRef = D836D4D11628798C00D3B874 /* GPGObject.h */; settings = {ATTRIBUTES = (Public, ); }; };
		D836D4EC1628798C00D3B874 /* GPGOptions.h in Headers */ = {isa = PBXBuildFile; fileRef = D836D4D21628798C00D3B874 /* GPGOptions.h */; settings = {ATTRIBUTES = (Public, ); }; };
		D836D4ED1628798C00D3B874 /* GPGPrettyInfo.h in Headers */ = {isa = PBXBuildFile; fileRef = D836D4D31628798C00D3B874 /* GPGPrettyInfo.h */; settings = {ATTRIBUTES = (Public, ); }; };
		D836D4EE1628798C00D3B874 /* GPGRemoteKey.h in Headers */ = {isa = PBXBuildFile; fileRef = D836D4D41628798C00D3B874 /* GPGRemoteKey.h */; settings = {ATTRIBUTES = (Public, ); }; };
		D836D4EF1628798C00D3B874 /* GPGRemoteUserID.h in Headers */ = {isa = PBXBuildFile; fileRef = D836D4D51628798C00D3B874 /* GPGRemoteUserID.h */; settings = {ATTRIBUTES = (Public, ); }; };
		D836D4F01628798C00D3B874 /* GPGSignature.h in Headers */ = {isa = PBXBuildFile; fileRef = D836D4D61628798C00D3B874 /* GPGSignature.h */; settings = {ATTRIBUTES = (Public, ); }; };
		D836D4F11628798C00D3B874 /* GPGSignatureNotation.h in Headers */ = {isa = PBXBuildFile; fileRef = D836D4D71628798C00D3B874 /* GPGSignatureNotation.h */; settings = {ATTRIBUTES = (Public, ); }; };
		D836D4F21628798C00D3B874 /* GPGSubkey.h in Headers */ = {isa = PBXBuildFile; fileRef = D836D4D81628798C00D3B874 /* GPGSubkey.h */; settings = {ATTRIBUTES = (Public, ); }; };
		D836D4F31628798C00D3B874 /* GPGTrustItem.h in Headers */ = {isa = PBXBuildFile; fileRef = D836D4D91628798C00D3B874 /* GPGTrustItem.h */; settings = {ATTRIBUTES = (Public, ); }; };
		D836D4F41628798C00D3B874 /* GPGUserID.h in Headers */ = {isa = PBXBuildFile; fileRef = D836D4DA1628798C00D3B874 /* GPGUserID.h */; settings = {ATTRIBUTES = (Public, ); }; };
		D836D4F51628798C00D3B874 /* LocalizableStrings.h in Headers */ = {isa = PBXBuildFile; fileRef = D836D4DB1628798C00D3B874 /* LocalizableStrings.h */; settings = {ATTRIBUTES = (Public, ); }; };
		D836D4F61628798C00D3B874 /* MacGPGME.h in Headers */ = {isa = PBXBuildFile; fileRef = D836D4DC1628798C00D3B874 /* MacGPGME.h */; settings = {ATTRIBUTES = (Public, ); }; };
		D836D4F71628798C00D3B874 /* MacGPGMETestCase.h in Headers */ = {isa = PBXBuildFile; fileRef = D836D4DD1628798C00D3B874 /* MacGPGMETestCase.h */; };
		D836D4F81628798C00D3B874 /* MacGPGME_Prefix.pch in Headers */ = {isa = PBXBuildFile; fileRef = D836D4DE1628798C00D3B874 /* MacGPGME_Prefix.pch */; };
		D836D50E16287A9200D3B874 /* GPGAsyncHelper.m in Sources */ = {isa = PBXBuildFile; fileRef = D836D4F916287A9200D3B874 /* GPGAsyncHelper.m */; };
		D836D50F16287A9200D3B874 /* GPGContext.m in Sources */ = {isa = PBXBuildFile; fileRef = D836D4FA16287A9200D3B874 /* GPGContext.m */; };
		D836D51016287A9200D3B874 /* GPGData.m in Sources */ = {isa = PBXBuildFile; fileRef = D836D4FB16287A9200D3B874 /* GPGData.m */; };
		D836D51116287A9200D3B874 /* GPGEngine.m in Sources */ = {isa = PBXBuildFile; fileRef = D836D4FC16287A9200D3B874 /* GPGEngine.m */; };
		D836D51216287A9200D3B874 /* GPGEngineHelper.m in Sources */ = {isa = PBXBuildFile; fileRef = D836D4FD16287A9200D3B874 /* GPGEngineHelper.m */; };
		D836D51316287A9200D3B874 /* GPGExceptions.m in Sources */ = {isa = PBXBuildFile; fileRef = D836D4FE16287A9200D3B874 /* GPGExceptions.m */; };
		D836D51416287A9200D3B874 /* GPGKey.m in Sources */ = {isa = PBXBuildFile; fileRef = D836D4FF16287A9200D3B874 /* GPGKey.m */; };
		D836D51516287A9200D3B874 /* GPGKeyGroup.m in Sources */ = {isa = PBXBuildFile; fileRef = D836D50016287A9200D3B874 /* GPGKeyGroup.m */; };
		D836D51616287A9200D3B874 /* GPGKeySignature.m in Sources */ = {isa = PBXBuildFile; fileRef = D836D50116287A9200D3B874 /* GPGKeySignature.m */; };
		D836D51716287A9200D3B874 /* GPGObject.m in Sources */ = {isa = PBXBuildFile; fileRef = D836D50216287A9200D3B874 /* GPGObject.m */; };
		D836D51816287A9200D3B874 /* GPGOptions.m in Sources */ = {isa = PBXBuildFile; fileRef = D836D50316287A9200D3B874 /* GPGOptions.m */; };
		D836D51916287A9200D3B874 /* GPGPrettyInfo.m in Sources */ = {isa = PBXBuildFile; fileRef = D836D50416287A9200D3B874 /* GPGPrettyInfo.m */; };
		D836D51A16287A9200D3B874 /* GPGRemoteKey.m in Sources */ = {isa = PBXBuildFile; fileRef = D836D50516287A9200D3B874 /* GPGRemoteKey.m */; };
		D836D51B16287A9200D3B874 /* GPGRemoteUserID.m in Sources */ = {isa = PBXBuildFile; fileRef = D836D50616287A9200D3B874 /* GPGRemoteUserID.m */; };
		D836D51C16287A9200D3B874 /* GPGSignature.m in Sources */ = {isa = PBXBuildFile; fileRef = D836D50716287A9200D3B874 /* GPGSignature.m */; };
		D836D51D16287A9200D3B874 /* GPGSignatureNotation.m in Sources */ = {isa = PBXBuildFile; fileRef = D836D50816287A9200D3B874 /* GPGSignatureNotation.m */; };
		D836D51E16287A9200D3B874 /* GPGSubkey.m in Sources */ = {isa = PBXBuildFile; fileRef = D836D50916287A9200D3B874 /* GPGSubkey.m */; };
		D836D51F16287A9200D3B874 /* GPGTrustItem.m in Sources */ = {isa = PBXBuildFile; fileRef = D836D50A16287A9200D3B874 /* GPGTrustItem.m */; };
		D836D52016287A9200D3B874 /* GPGUserID.m in Sources */ = {isa = PBXBuildFile; fileRef = D836D50B16287A9200D3B874 /* GPGUserID.m */; };
		D836D52116287A9200D3B874 /* LocalizableStrings.m in Sources */ = {isa = PBXBuildFile; fileRef = D836D50C16287A9200D3B874 /* LocalizableStrings.m */; };
		D836D52B16287EE000D3B874 /* libassuan.a in Frameworks */ = {isa = PBXBuildFile; fileRef = D836D52716287EE000D3B874 /* libassuan.a */; };
		D836D52C16287EE000D3B874 /* libgpg-error.a in Frameworks */ = {isa = PBXBuildFile; fileRef = D836D52816287EE000D3B874 /* libgpg-error.a */; };
		D836D52D16287EE000D3B874 /* libgpgme-pthread.a in Frameworks */ = {isa = PBXBuildFile; fileRef = D836D52916287EE000D3B874 /* libgpgme-pthread.a */; };
		D836D52E16287EE000D3B874 /* libintl.a in Frameworks */ = {isa = PBXBuildFile; fileRef = D836D52A16287EE000D3B874 /* libintl.a */; };
		D836D53F1628904400D3B874 /* libiconv.dylib in Frameworks */ = {isa = PBXBuildFile; fileRef = D836D53E1628904000D3B874 /* libiconv.dylib */; };
/* End PBXBuildFile section */

/* Begin PBXContainerItemProxy section */
		3031776E1628A5CE009658CA /* PBXContainerItemProxy */ = {
			isa = PBXContainerItemProxy;
			containerPortal = D836D4A3162878B600D3B874 /* Project object */;
			proxyType = 1;
			remoteGlobalIDString = D836D5371628821D00D3B874;
			remoteInfo = gpgme;
		};
/* End PBXContainerItemProxy section */

/* Begin PBXFileReference section */
		D836D4AD162878B700D3B874 /* MacGPGME.framework */ = {isa = PBXFileReference; explicitFileType = wrapper.framework; includeInIndex = 0; path = MacGPGME.framework; sourceTree = BUILT_PRODUCTS_DIR; };
		D836D4B0162878B700D3B874 /* Cocoa.framework */ = {isa = PBXFileReference; lastKnownFileType = wrapper.framework; name = Cocoa.framework; path = System/Library/Frameworks/Cocoa.framework; sourceTree = SDKROOT; };
		D836D4B3162878B700D3B874 /* AppKit.framework */ = {isa = PBXFileReference; lastKnownFileType = wrapper.framework; name = AppKit.framework; path = System/Library/Frameworks/AppKit.framework; sourceTree = SDKROOT; };
		D836D4B4162878B700D3B874 /* CoreData.framework */ = {isa = PBXFileReference; lastKnownFileType = wrapper.framework; name = CoreData.framework; path = System/Library/Frameworks/CoreData.framework; sourceTree = SDKROOT; };
		D836D4B5162878B700D3B874 /* Foundation.framework */ = {isa = PBXFileReference; lastKnownFileType = wrapper.framework; name = Foundation.framework; path = System/Library/Frameworks/Foundation.framework; sourceTree = SDKROOT; };
		D836D4C51628798C00D3B874 /* GPGAsyncHelper.h */ = {isa = PBXFileReference; fileEncoding = 4; lastKnownFileType = sourcecode.c.h; path = GPGAsyncHelper.h; sourceTree = "<group>"; };
		D836D4C61628798C00D3B874 /* GPGContext.h */ = {isa = PBXFileReference; fileEncoding = 4; lastKnownFileType = sourcecode.c.h; path = GPGContext.h; sourceTree = "<group>"; };
		D836D4C71628798C00D3B874 /* GPGData.h */ = {isa = PBXFileReference; fileEncoding = 4; lastKnownFileType = sourcecode.c.h; path = GPGData.h; sourceTree = "<group>"; };
		D836D4C81628798C00D3B874 /* GPGDefines.h */ = {isa = PBXFileReference; fileEncoding = 4; lastKnownFileType = sourcecode.c.h; path = GPGDefines.h; sourceTree = "<group>"; };
		D836D4C91628798C00D3B874 /* GPGEngine.h */ = {isa = PBXFileReference; fileEncoding = 4; lastKnownFileType = sourcecode.c.h; path = GPGEngine.h; sourceTree = "<group>"; };
		D836D4CA1628798C00D3B874 /* GPGEngineHelper.h */ = {isa = PBXFileReference; fileEncoding = 4; lastKnownFileType = sourcecode.c.h; path = GPGEngineHelper.h; sourceTree = "<group>"; };
		D836D4CB1628798C00D3B874 /* GPGExceptions.h */ = {isa = PBXFileReference; fileEncoding = 4; lastKnownFileType = sourcecode.c.h; path = GPGExceptions.h; sourceTree = "<group>"; };
		D836D4CC1628798C00D3B874 /* GPGInternals.h */ = {isa = PBXFileReference; fileEncoding = 4; lastKnownFileType = sourcecode.c.h; path = GPGInternals.h; sourceTree = "<group>"; };
		D836D4CD1628798C00D3B874 /* GPGKey.h */ = {isa = PBXFileReference; fileEncoding = 4; lastKnownFileType = sourcecode.c.h; path = GPGKey.h; sourceTree = "<group>"; };
		D836D4CE1628798C00D3B874 /* GPGKeyDefines.h */ = {isa = PBXFileReference; fileEncoding = 4; lastKnownFileType = sourcecode.c.h; path = GPGKeyDefines.h; sourceTree = "<group>"; };
		D836D4CF1628798C00D3B874 /* GPGKeyGroup.h */ = {isa = PBXFileReference; fileEncoding = 4; lastKnownFileType = sourcecode.c.h; path = GPGKeyGroup.h; sourceTree = "<group>"; };
		D836D4D01628798C00D3B874 /* GPGKeySignature.h */ = {isa = PBXFileReference; fileEncoding = 4; lastKnownFileType = sourcecode.c.h; path = GPGKeySignature.h; sourceTree = "<group>"; };
		D836D4D11628798C00D3B874 /* GPGObject.h */ = {isa = PBXFileReference; fileEncoding = 4; lastKnownFileType = sourcecode.c.h; path = GPGObject.h; sourceTree = "<group>"; };
		D836D4D21628798C00D3B874 /* GPGOptions.h */ = {isa = PBXFileReference; fileEncoding = 4; lastKnownFileType = sourcecode.c.h; path = GPGOptions.h; sourceTree = "<group>"; };
		D836D4D31628798C00D3B874 /* GPGPrettyInfo.h */ = {isa = PBXFileReference; fileEncoding = 4; lastKnownFileType = sourcecode.c.h; path = GPGPrettyInfo.h; sourceTree = "<group>"; };
		D836D4D41628798C00D3B874 /* GPGRemoteKey.h */ = {isa = PBXFileReference; fileEncoding = 4; lastKnownFileType = sourcecode.c.h; path = GPGRemoteKey.h; sourceTree = "<group>"; };
		D836D4D51628798C00D3B874 /* GPGRemoteUserID.h */ = {isa = PBXFileReference; fileEncoding = 4; lastKnownFileType = sourcecode.c.h; path = GPGRemoteUserID.h; sourceTree = "<group>"; };
		D836D4D61628798C00D3B874 /* GPGSignature.h */ = {isa = PBXFileReference; fileEncoding = 4; lastKnownFileType = sourcecode.c.h; path = GPGSignature.h; sourceTree = "<group>"; };
		D836D4D71628798C00D3B874 /* GPGSignatureNotation.h */ = {isa = PBXFileReference; fileEncoding = 4; lastKnownFileType = sourcecode.c.h; path = GPGSignatureNotation.h; sourceTree = "<group>"; };
		D836D4D81628798C00D3B874 /* GPGSubkey.h */ = {isa = PBXFileReference; fileEncoding = 4; lastKnownFileType = sourcecode.c.h; path = GPGSubkey.h; sourceTree = "<group>"; };
		D836D4D91628798C00D3B874 /* GPGTrustItem.h */ = {isa = PBXFileReference; fileEncoding = 4; lastKnownFileType = sourcecode.c.h; path = GPGTrustItem.h; sourceTree = "<group>"; };
		D836D4DA1628798C00D3B874 /* GPGUserID.h */ = {isa = PBXFileReference; fileEncoding = 4; lastKnownFileType = sourcecode.c.h; path = GPGUserID.h; sourceTree = "<group>"; };
		D836D4DB1628798C00D3B874 /* LocalizableStrings.h */ = {isa = PBXFileReference; fileEncoding = 4; lastKnownFileType = sourcecode.c.h; path = LocalizableStrings.h; sourceTree = "<group>"; };
		D836D4DC1628798C00D3B874 /* MacGPGME.h */ = {isa = PBXFileReference; fileEncoding = 4; lastKnownFileType = sourcecode.c.h; path = MacGPGME.h; sourceTree = "<group>"; };
		D836D4DD1628798C00D3B874 /* MacGPGMETestCase.h */ = {isa = PBXFileReference; fileEncoding = 4; lastKnownFileType = sourcecode.c.h; path = MacGPGMETestCase.h; sourceTree = "<group>"; };
		D836D4DE1628798C00D3B874 /* MacGPGME_Prefix.pch */ = {isa = PBXFileReference; fileEncoding = 4; lastKnownFileType = sourcecode.c.h; path = MacGPGME_Prefix.pch; sourceTree = "<group>"; };
		D836D4F916287A9200D3B874 /* GPGAsyncHelper.m */ = {isa = PBXFileReference; fileEncoding = 4; lastKnownFileType = sourcecode.c.objc; path = GPGAsyncHelper.m; sourceTree = "<group>"; };
		D836D4FA16287A9200D3B874 /* GPGContext.m */ = {isa = PBXFileReference; fileEncoding = 4; lastKnownFileType = sourcecode.c.objc; path = GPGContext.m; sourceTree = "<group>"; };
		D836D4FB16287A9200D3B874 /* GPGData.m */ = {isa = PBXFileReference; fileEncoding = 4; lastKnownFileType = sourcecode.c.objc; path = GPGData.m; sourceTree = "<group>"; };
		D836D4FC16287A9200D3B874 /* GPGEngine.m */ = {isa = PBXFileReference; fileEncoding = 4; lastKnownFileType = sourcecode.c.objc; path = GPGEngine.m; sourceTree = "<group>"; };
		D836D4FD16287A9200D3B874 /* GPGEngineHelper.m */ = {isa = PBXFileReference; fileEncoding = 4; lastKnownFileType = sourcecode.c.objc; path = GPGEngineHelper.m; sourceTree = "<group>"; };
		D836D4FE16287A9200D3B874 /* GPGExceptions.m */ = {isa = PBXFileReference; fileEncoding = 4; lastKnownFileType = sourcecode.c.objc; path = GPGExceptions.m; sourceTree = "<group>"; };
		D836D4FF16287A9200D3B874 /* GPGKey.m */ = {isa = PBXFileReference; fileEncoding = 4; lastKnownFileType = sourcecode.c.objc; path = GPGKey.m; sourceTree = "<group>"; };
		D836D50016287A9200D3B874 /* GPGKeyGroup.m */ = {isa = PBXFileReference; fileEncoding = 4; lastKnownFileType = sourcecode.c.objc; path = GPGKeyGroup.m; sourceTree = "<group>"; };
		D836D50116287A9200D3B874 /* GPGKeySignature.m */ = {isa = PBXFileReference; fileEncoding = 4; lastKnownFileType = sourcecode.c.objc; path = GPGKeySignature.m; sourceTree = "<group>"; };
		D836D50216287A9200D3B874 /* GPGObject.m */ = {isa = PBXFileReference; fileEncoding = 4; lastKnownFileType = sourcecode.c.objc; path = GPGObject.m; sourceTree = "<group>"; };
		D836D50316287A9200D3B874 /* GPGOptions.m */ = {isa = PBXFileReference; fileEncoding = 4; lastKnownFileType = sourcecode.c.objc; path = GPGOptions.m; sourceTree = "<group>"; };
		D836D50416287A9200D3B874 /* GPGPrettyInfo.m */ = {isa = PBXFileReference; fileEncoding = 4; lastKnownFileType = sourcecode.c.objc; path = GPGPrettyInfo.m; sourceTree = "<group>"; };
		D836D50516287A9200D3B874 /* GPGRemoteKey.m */ = {isa = PBXFileReference; fileEncoding = 4; lastKnownFileType = sourcecode.c.objc; path = GPGRemoteKey.m; sourceTree = "<group>"; };
		D836D50616287A9200D3B874 /* GPGRemoteUserID.m */ = {isa = PBXFileReference; fileEncoding = 4; lastKnownFileType = sourcecode.c.objc; path = GPGRemoteUserID.m; sourceTree = "<group>"; };
		D836D50716287A9200D3B874 /* GPGSignature.m */ = {isa = PBXFileReference; fileEncoding = 4; lastKnownFileType = sourcecode.c.objc; path = GPGSignature.m; sourceTree = "<group>"; };
		D836D50816287A9200D3B874 /* GPGSignatureNotation.m */ = {isa = PBXFileReference; fileEncoding = 4; lastKnownFileType = sourcecode.c.objc; path = GPGSignatureNotation.m; sourceTree = "<group>"; };
		D836D50916287A9200D3B874 /* GPGSubkey.m */ = {isa = PBXFileReference; fileEncoding = 4; lastKnownFileType = sourcecode.c.objc; path = GPGSubkey.m; sourceTree = "<group>"; };
		D836D50A16287A9200D3B874 /* GPGTrustItem.m */ = {isa = PBXFileReference; fileEncoding = 4; lastKnownFileType = sourcecode.c.objc; path = GPGTrustItem.m; sourceTree = "<group>"; };
		D836D50B16287A9200D3B874 /* GPGUserID.m */ = {isa = PBXFileReference; fileEncoding = 4; lastKnownFileType = sourcecode.c.objc; path = GPGUserID.m; sourceTree = "<group>"; };
		D836D50C16287A9200D3B874 /* LocalizableStrings.m */ = {isa = PBXFileReference; fileEncoding = 4; lastKnownFileType = sourcecode.c.objc; path = LocalizableStrings.m; sourceTree = "<group>"; };
		D836D50D16287A9200D3B874 /* MacGPGMETestCase.m */ = {isa = PBXFileReference; fileEncoding = 4; lastKnownFileType = sourcecode.c.objc; path = MacGPGMETestCase.m; sourceTree = "<group>"; };
		D836D52716287EE000D3B874 /* libassuan.a */ = {isa = PBXFileReference; lastKnownFileType = archive.ar; name = libassuan.a; path = build/dist/lib/libassuan.a; sourceTree = "<group>"; };
		D836D52816287EE000D3B874 /* libgpg-error.a */ = {isa = PBXFileReference; lastKnownFileType = archive.ar; name = "libgpg-error.a"; path = "build/dist/lib/libgpg-error.a"; sourceTree = "<group>"; };
		D836D52916287EE000D3B874 /* libgpgme-pthread.a */ = {isa = PBXFileReference; lastKnownFileType = archive.ar; name = "libgpgme-pthread.a"; path = "build/dist/lib/libgpgme-pthread.a"; sourceTree = "<group>"; };
		D836D52A16287EE000D3B874 /* libintl.a */ = {isa = PBXFileReference; lastKnownFileType = archive.ar; name = libintl.a; path = build/dist/lib/libintl.a; sourceTree = "<group>"; };
		D836D53D162884ED00D3B874 /* build_gpgme */ = {isa = PBXFileReference; lastKnownFileType = text.script.sh; name = build_gpgme; path = Utilities/build_gpgme; sourceTree = "<group>"; };
		D836D53E1628904000D3B874 /* libiconv.dylib */ = {isa = PBXFileReference; lastKnownFileType = "compiled.mach-o.dylib"; name = libiconv.dylib; path = /usr/lib/libiconv.dylib; sourceTree = "<absolute>"; };
/* End PBXFileReference section */

/* Begin PBXFrameworksBuildPhase section */
		D836D4A9162878B700D3B874 /* Frameworks */ = {
			isa = PBXFrameworksBuildPhase;
			buildActionMask = 2147483647;
			files = (
				D836D4B1162878B700D3B874 /* Cocoa.framework in Frameworks */,
				D836D52B16287EE000D3B874 /* libassuan.a in Frameworks */,
				D836D52C16287EE000D3B874 /* libgpg-error.a in Frameworks */,
				D836D52D16287EE000D3B874 /* libgpgme-pthread.a in Frameworks */,
				D836D52E16287EE000D3B874 /* libintl.a in Frameworks */,
				D836D53F1628904400D3B874 /* libiconv.dylib in Frameworks */,
			);
			runOnlyForDeploymentPostprocessing = 0;
		};
/* End PBXFrameworksBuildPhase section */

/* Begin PBXGroup section */
		303177701628A81D009658CA /* Headers */ = {
			isa = PBXGroup;
			children = (
				D836D4C51628798C00D3B874 /* GPGAsyncHelper.h */,
				D836D4C61628798C00D3B874 /* GPGContext.h */,
				D836D4C71628798C00D3B874 /* GPGData.h */,
				D836D4C81628798C00D3B874 /* GPGDefines.h */,
				D836D4C91628798C00D3B874 /* GPGEngine.h */,
				D836D4CA1628798C00D3B874 /* GPGEngineHelper.h */,
				D836D4CB1628798C00D3B874 /* GPGExceptions.h */,
				D836D4CC1628798C00D3B874 /* GPGInternals.h */,
				D836D4CD1628798C00D3B874 /* GPGKey.h */,
				D836D4CE1628798C00D3B874 /* GPGKeyDefines.h */,
				D836D4CF1628798C00D3B874 /* GPGKeyGroup.h */,
				D836D4D01628798C00D3B874 /* GPGKeySignature.h */,
				D836D4D11628798C00D3B874 /* GPGObject.h */,
				D836D4D21628798C00D3B874 /* GPGOptions.h */,
				D836D4D31628798C00D3B874 /* GPGPrettyInfo.h */,
				D836D4D41628798C00D3B874 /* GPGRemoteKey.h */,
				D836D4D51628798C00D3B874 /* GPGRemoteUserID.h */,
				D836D4D61628798C00D3B874 /* GPGSignature.h */,
				D836D4D71628798C00D3B874 /* GPGSignatureNotation.h */,
				D836D4D81628798C00D3B874 /* GPGSubkey.h */,
				D836D4D91628798C00D3B874 /* GPGTrustItem.h */,
				D836D4DA1628798C00D3B874 /* GPGUserID.h */,
				D836D4DB1628798C00D3B874 /* LocalizableStrings.h */,
				D836D4DC1628798C00D3B874 /* MacGPGME.h */,
				D836D4DD1628798C00D3B874 /* MacGPGMETestCase.h */,
				D836D4DE1628798C00D3B874 /* MacGPGME_Prefix.pch */,
			);
			name = Headers;
			sourceTree = "<group>";
		};
		303177711628A841009658CA /* Classes */ = {
			isa = PBXGroup;
			children = (
				D836D4F916287A9200D3B874 /* GPGAsyncHelper.m */,
				D836D4FA16287A9200D3B874 /* GPGContext.m */,
				D836D4FB16287A9200D3B874 /* GPGData.m */,
				D836D4FC16287A9200D3B874 /* GPGEngine.m */,
				D836D4FD16287A9200D3B874 /* GPGEngineHelper.m */,
				D836D4FE16287A9200D3B874 /* GPGExceptions.m */,
				D836D4FF16287A9200D3B874 /* GPGKey.m */,
				D836D50016287A9200D3B874 /* GPGKeyGroup.m */,
				D836D50116287A9200D3B874 /* GPGKeySignature.m */,
				D836D50216287A9200D3B874 /* GPGObject.m */,
				D836D50316287A9200D3B874 /* GPGOptions.m */,
				D836D50416287A9200D3B874 /* GPGPrettyInfo.m */,
				D836D50516287A9200D3B874 /* GPGRemoteKey.m */,
				D836D50616287A9200D3B874 /* GPGRemoteUserID.m */,
				D836D50716287A9200D3B874 /* GPGSignature.m */,
				D836D50816287A9200D3B874 /* GPGSignatureNotation.m */,
				D836D50916287A9200D3B874 /* GPGSubkey.m */,
				D836D50A16287A9200D3B874 /* GPGTrustItem.m */,
				D836D50B16287A9200D3B874 /* GPGUserID.m */,
				D836D50C16287A9200D3B874 /* LocalizableStrings.m */,
				D836D50D16287A9200D3B874 /* MacGPGMETestCase.m */,
			);
			name = Classes;
			sourceTree = "<group>";
		};
		D836D4A1162878B600D3B874 = {
			isa = PBXGroup;
			children = (
				303177711628A841009658CA /* Classes */,
				303177701628A81D009658CA /* Headers */,
				D836D53D162884ED00D3B874 /* build_gpgme */,
				D836D4AF162878B700D3B874 /* Frameworks */,
				D836D4AE162878B700D3B874 /* Products */,
			);
			sourceTree = "<group>";
		};
		D836D4AE162878B700D3B874 /* Products */ = {
			isa = PBXGroup;
			children = (
				D836D4AD162878B700D3B874 /* MacGPGME.framework */,
			);
			name = Products;
			sourceTree = "<group>";
		};
		D836D4AF162878B700D3B874 /* Frameworks */ = {
			isa = PBXGroup;
			children = (
				D836D53E1628904000D3B874 /* libiconv.dylib */,
				D836D52716287EE000D3B874 /* libassuan.a */,
				D836D52816287EE000D3B874 /* libgpg-error.a */,
				D836D52916287EE000D3B874 /* libgpgme-pthread.a */,
				D836D52A16287EE000D3B874 /* libintl.a */,
				D836D4B0162878B700D3B874 /* Cocoa.framework */,
				D836D4B2162878B700D3B874 /* Other Frameworks */,
			);
			name = Frameworks;
			sourceTree = "<group>";
		};
		D836D4B2162878B700D3B874 /* Other Frameworks */ = {
			isa = PBXGroup;
			children = (
				D836D4B3162878B700D3B874 /* AppKit.framework */,
				D836D4B4162878B700D3B874 /* CoreData.framework */,
				D836D4B5162878B700D3B874 /* Foundation.framework */,
			);
			name = "Other Frameworks";
			sourceTree = "<group>";
		};
/* End PBXGroup section */

/* Begin PBXHeadersBuildPhase section */
		D836D4AA162878B700D3B874 /* Headers */ = {
			isa = PBXHeadersBuildPhase;
			buildActionMask = 2147483647;
			files = (
				D836D4DF1628798C00D3B874 /* GPGAsyncHelper.h in Headers */,
				D836D4E01628798C00D3B874 /* GPGContext.h in Headers */,
				D836D4E11628798C00D3B874 /* GPGData.h in Headers */,
				D836D4E21628798C00D3B874 /* GPGDefines.h in Headers */,
				D836D4E31628798C00D3B874 /* GPGEngine.h in Headers */,
				D836D4E41628798C00D3B874 /* GPGEngineHelper.h in Headers */,
				D836D4E51628798C00D3B874 /* GPGExceptions.h in Headers */,
				D836D4E61628798C00D3B874 /* GPGInternals.h in Headers */,
				D836D4E71628798C00D3B874 /* GPGKey.h in Headers */,
				D836D4E81628798C00D3B874 /* GPGKeyDefines.h in Headers */,
				D836D4E91628798C00D3B874 /* GPGKeyGroup.h in Headers */,
				D836D4EA1628798C00D3B874 /* GPGKeySignature.h in Headers */,
				D836D4EB1628798C00D3B874 /* GPGObject.h in Headers */,
				D836D4EC1628798C00D3B874 /* GPGOptions.h in Headers */,
				D836D4ED1628798C00D3B874 /* GPGPrettyInfo.h in Headers */,
				D836D4EE1628798C00D3B874 /* GPGRemoteKey.h in Headers */,
				D836D4EF1628798C00D3B874 /* GPGRemoteUserID.h in Headers */,
				D836D4F01628798C00D3B874 /* GPGSignature.h in Headers */,
				D836D4F11628798C00D3B874 /* GPGSignatureNotation.h in Headers */,
				D836D4F21628798C00D3B874 /* GPGSubkey.h in Headers */,
				D836D4F31628798C00D3B874 /* GPGTrustItem.h in Headers */,
				D836D4F41628798C00D3B874 /* GPGUserID.h in Headers */,
				D836D4F51628798C00D3B874 /* LocalizableStrings.h in Headers */,
				D836D4F61628798C00D3B874 /* MacGPGME.h in Headers */,
				D836D4F71628798C00D3B874 /* MacGPGMETestCase.h in Headers */,
				D836D4F81628798C00D3B874 /* MacGPGME_Prefix.pch in Headers */,
			);
			runOnlyForDeploymentPostprocessing = 0;
		};
/* End PBXHeadersBuildPhase section */

/* Begin PBXNativeTarget section */
		D836D4AC162878B700D3B874 /* MacGPGME */ = {
			isa = PBXNativeTarget;
			buildConfigurationList = D836D4C2162878B700D3B874 /* Build configuration list for PBXNativeTarget "MacGPGME" */;
			buildPhases = (
				D836D4A8162878B700D3B874 /* Sources */,
				D836D4A9162878B700D3B874 /* Frameworks */,
				D836D4AA162878B700D3B874 /* Headers */,
				D836D4AB162878B700D3B874 /* Resources */,
			);
			buildRules = (
			);
			dependencies = (
				3031776F1628A5CE009658CA /* PBXTargetDependency */,
			);
			name = MacGPGME;
			productName = MacGPGME;
			productReference = D836D4AD162878B700D3B874 /* MacGPGME.framework */;
			productType = "com.apple.product-type.framework";
		};
/* End PBXNativeTarget section */

/* Begin PBXProject section */
		D836D4A3162878B600D3B874 /* Project object */ = {
			isa = PBXProject;
			attributes = {
				LastUpgradeCheck = 0420;
			};
			buildConfigurationList = D836D4A6162878B600D3B874 /* Build configuration list for PBXProject "MacGPGME" */;
			compatibilityVersion = "Xcode 3.2";
			developmentRegion = English;
			hasScannedForEncodings = 0;
			knownRegions = (
				en,
			);
			mainGroup = D836D4A1162878B600D3B874;
			productRefGroup = D836D4AE162878B700D3B874 /* Products */;
			projectDirPath = "";
			projectRoot = "";
			targets = (
				D836D4AC162878B700D3B874 /* MacGPGME */,
				D836D5371628821D00D3B874 /* gpgme */,
			);
		};
/* End PBXProject section */

/* Begin PBXResourcesBuildPhase section */
		D836D4AB162878B700D3B874 /* Resources */ = {
			isa = PBXResourcesBuildPhase;
			buildActionMask = 2147483647;
			files = (
			);
			runOnlyForDeploymentPostprocessing = 0;
		};
/* End PBXResourcesBuildPhase section */

/* Begin PBXShellScriptBuildPhase section */
		D836D53B1628822500D3B874 /* ShellScript */ = {
			isa = PBXShellScriptBuildPhase;
			buildActionMask = 2147483647;
			files = (
			);
			inputPaths = (
			);
			outputPaths = (
			);
			runOnlyForDeploymentPostprocessing = 0;
			shellPath = /bin/sh;
			shellScript = "echo \"Building gettext for gpgme...\"\n\"${SRCROOT}/Utilities/build_gpgme\" ${ACTION} gettext 0.18.1.1\nif [ $? -ne 0 ]; then\nexit 1;\nfi\necho \"Building libgpg-error for gpgme...\"\n\"${SRCROOT}/Utilities/build_gpgme\" ${ACTION} libgpg-error 1.8\nif [ $? -ne 0 ]; then\nexit 1;\nfi\necho \"Building libassuan for gpgme...\"\n\"${SRCROOT}/Utilities/build_gpgme\" ${ACTION} libassuan 2.0.0\nif [ $? -ne 0 ]; then\nexit 1;\nfi\necho \"Building gpgme...\"\n\"${SRCROOT}/Utilities/build_gpgme\" ${ACTION} gpgme 1.3.0\nif [ $? -ne 0 ]; then\nexit 1;\nfi\nexit 0 ";
		};
/* End PBXShellScriptBuildPhase section */

/* Begin PBXSourcesBuildPhase section */
		D836D4A8162878B700D3B874 /* Sources */ = {
			isa = PBXSourcesBuildPhase;
			buildActionMask = 2147483647;
			files = (
				D836D50E16287A9200D3B874 /* GPGAsyncHelper.m in Sources */,
				D836D50F16287A9200D3B874 /* GPGContext.m in Sources */,
				D836D51016287A9200D3B874 /* GPGData.m in Sources */,
				D836D51116287A9200D3B874 /* GPGEngine.m in Sources */,
				D836D51216287A9200D3B874 /* GPGEngineHelper.m in Sources */,
				D836D51316287A9200D3B874 /* GPGExceptions.m in Sources */,
				D836D51416287A9200D3B874 /* GPGKey.m in Sources */,
				D836D51516287A9200D3B874 /* GPGKeyGroup.m in Sources */,
				D836D51616287A9200D3B874 /* GPGKeySignature.m in Sources */,
				D836D51716287A9200D3B874 /* GPGObject.m in Sources */,
				D836D51816287A9200D3B874 /* GPGOptions.m in Sources */,
				D836D51916287A9200D3B874 /* GPGPrettyInfo.m in Sources */,
				D836D51A16287A9200D3B874 /* GPGRemoteKey.m in Sources */,
				D836D51B16287A9200D3B874 /* GPGRemoteUserID.m in Sources */,
				D836D51C16287A9200D3B874 /* GPGSignature.m in Sources */,
				D836D51D16287A9200D3B874 /* GPGSignatureNotation.m in Sources */,
				D836D51E16287A9200D3B874 /* GPGSubkey.m in Sources */,
				D836D51F16287A9200D3B874 /* GPGTrustItem.m in Sources */,
				D836D52016287A9200D3B874 /* GPGUserID.m in Sources */,
				D836D52116287A9200D3B874 /* LocalizableStrings.m in Sources */,
			);
			runOnlyForDeploymentPostprocessing = 0;
		};
/* End PBXSourcesBuildPhase section */

/* Begin PBXTargetDependency section */
		3031776F1628A5CE009658CA /* PBXTargetDependency */ = {
			isa = PBXTargetDependency;
			target = D836D5371628821D00D3B874 /* gpgme */;
			targetProxy = 3031776E1628A5CE009658CA /* PBXContainerItemProxy */;
		};
/* End PBXTargetDependency section */

/* Begin XCBuildConfiguration section */
		D836D4C0162878B700D3B874 /* Debug */ = {
			isa = XCBuildConfiguration;
			buildSettings = {
				ALWAYS_SEARCH_USER_PATHS = NO;
				ARCHS = "$(ARCHS_STANDARD_32_64_BIT)";
				COPY_PHASE_STRIP = NO;
				GCC_C_LANGUAGE_STANDARD = gnu99;
				GCC_DYNAMIC_NO_PIC = NO;
				GCC_ENABLE_OBJC_EXCEPTIONS = YES;
				GCC_OPTIMIZATION_LEVEL = 0;
				GCC_PREPROCESSOR_DEFINITIONS = (
					"DEBUG=1",
					"$(inherited)",
				);
				GCC_SYMBOLS_PRIVATE_EXTERN = NO;
				GCC_VERSION = com.apple.compilers.llvm.clang.1_0;
				GCC_WARN_64_TO_32_BIT_CONVERSION = YES;
				GCC_WARN_ABOUT_MISSING_PROTOTYPES = YES;
				GCC_WARN_ABOUT_RETURN_TYPE = YES;
				GCC_WARN_UNUSED_VARIABLE = YES;
				MACOSX_DEPLOYMENT_TARGET = 10.6;
				SDKROOT = macosx;
			};
			name = Debug;
		};
		D836D4C1162878B700D3B874 /* Release */ = {
			isa = XCBuildConfiguration;
			buildSettings = {
				ALWAYS_SEARCH_USER_PATHS = NO;
				ARCHS = "$(ARCHS_STANDARD_32_64_BIT)";
				COPY_PHASE_STRIP = YES;
				DEBUG_INFORMATION_FORMAT = "dwarf-with-dsym";
				GCC_C_LANGUAGE_STANDARD = gnu99;
				GCC_ENABLE_OBJC_EXCEPTIONS = YES;
				GCC_VERSION = com.apple.compilers.llvm.clang.1_0;
				GCC_WARN_64_TO_32_BIT_CONVERSION = YES;
				GCC_WARN_ABOUT_MISSING_PROTOTYPES = YES;
				GCC_WARN_ABOUT_RETURN_TYPE = YES;
				GCC_WARN_UNUSED_VARIABLE = YES;
				MACOSX_DEPLOYMENT_TARGET = 10.6;
				SDKROOT = macosx;
			};
			name = Release;
		};
		D836D4C3162878B700D3B874 /* Debug */ = {
			isa = XCBuildConfiguration;
			buildSettings = {
				DYLIB_COMPATIBILITY_VERSION = 1;
				DYLIB_CURRENT_VERSION = 1;
				FRAMEWORK_SEARCH_PATHS = (
					"$(inherited)",
					"$(FRAMEWORK_SEARCH_PATHS_QUOTED_FOR_TARGET_1)",
					/Developer/SDKs/MacOSX10.6.sdk/System/Library/Frameworks,
				);
				FRAMEWORK_SEARCH_PATHS_QUOTED_FOR_TARGET_1 = "\"$(SRCROOT)/../../Frameworks\"";
				FRAMEWORK_VERSION = A;
				GCC_PRECOMPILE_PREFIX_HEADER = YES;
				GCC_PREFIX_HEADER = MacGPGME_Prefix.pch;
				GCC_PREPROCESSOR_DEFINITIONS = BUILDING_MAC_GPGME;
				HEADER_SEARCH_PATHS = build/dist/include;
				INFOPLIST_FILE = "Info-MacGPGME.plist";
				INSTALL_PATH = "@loader_path/../Frameworks";
				LIBRARY_SEARCH_PATHS = (
					build/dist/lib,
					/usr/lib,
				);
				PRODUCT_NAME = "$(TARGET_NAME)";
				WRAPPER_EXTENSION = framework;
			};
			name = Debug;
		};
		D836D4C4162878B700D3B874 /* Release */ = {
			isa = XCBuildConfiguration;
			buildSettings = {
				DYLIB_COMPATIBILITY_VERSION = 1;
				DYLIB_CURRENT_VERSION = 1;
				FRAMEWORK_SEARCH_PATHS = (
					"$(inherited)",
					"$(FRAMEWORK_SEARCH_PATHS_QUOTED_FOR_TARGET_1)",
					/Developer/SDKs/MacOSX10.6.sdk/System/Library/Frameworks,
				);
				FRAMEWORK_SEARCH_PATHS_QUOTED_FOR_TARGET_1 = "\"$(SRCROOT)/../../Frameworks\"";
				FRAMEWORK_VERSION = A;
				GCC_PRECOMPILE_PREFIX_HEADER = YES;
				GCC_PREFIX_HEADER = MacGPGME_Prefix.pch;
				GCC_PREPROCESSOR_DEFINITIONS = BUILDING_MAC_GPGME;
				HEADER_SEARCH_PATHS = build/dist/include;
				INFOPLIST_FILE = "Info-MacGPGME.plist";
				INSTALL_PATH = "@loader_path/../Frameworks";
				LIBRARY_SEARCH_PATHS = (
					build/dist/lib,
					/usr/lib,
				);
				PRODUCT_NAME = "$(TARGET_NAME)";
				WRAPPER_EXTENSION = framework;
			};
			name = Release;
		};
		D836D5391628821D00D3B874 /* Debug */ = {
			isa = XCBuildConfiguration;
			buildSettings = {
				PRODUCT_NAME = "$(TARGET_NAME)";
			};
			name = Debug;
		};
		D836D53A1628821D00D3B874 /* Release */ = {
			isa = XCBuildConfiguration;
			buildSettings = {
				PRODUCT_NAME = "$(TARGET_NAME)";
			};
			name = Release;
		};
/* End XCBuildConfiguration section */

/* Begin XCConfigurationList section */
		D836D4A6162878B600D3B874 /* Build configuration list for PBXProject "MacGPGME" */ = {
			isa = XCConfigurationList;
			buildConfigurations = (
				D836D4C0162878B700D3B874 /* Debug */,
				D836D4C1162878B700D3B874 /* Release */,
			);
			defaultConfigurationIsVisible = 0;
			defaultConfigurationName = Release;
		};
		D836D4C2162878B700D3B874 /* Build configuration list for PBXNativeTarget "MacGPGME" */ = {
			isa = XCConfigurationList;
			buildConfigurations = (
				D836D4C3162878B700D3B874 /* Debug */,
				D836D4C4162878B700D3B874 /* Release */,
			);
			defaultConfigurationIsVisible = 0;
			defaultConfigurationName = Release;
		};
		D836D5381628821D00D3B874 /* Build configuration list for PBXAggregateTarget "gpgme" */ = {
			isa = XCConfigurationList;
			buildConfigurations = (
				D836D5391628821D00D3B874 /* Debug */,
				D836D53A1628821D00D3B874 /* Release */,
			);
			defaultConfigurationIsVisible = 0;
			defaultConfigurationName = Release;
		};
/* End XCConfigurationList section */
	};
	rootObject = D836D4A3162878B600D3B874 /* Project object */;
}
