// !$*UTF8*$!
{
	archiveVersion = 1;
	classes = {
	};
	objectVersion = 32;
	objects = {
		014CEA440018CDF011CA2923 = {
			buildRules = (
			);
			buildSettings = {
				COPY_PHASE_STRIP = NO;
			};
			isa = PBXBuildStyle;
			name = Development;
		};
		014CEA450018CDF011CA2923 = {
			buildRules = (
			);
			buildSettings = {
				COPY_PHASE_STRIP = YES;
			};
			isa = PBXBuildStyle;
			name = Deployment;
		};
//010
//011
//012
//013
//014
//030
//031
//032
//033
//034
		034768DFFF38A50411DB9C8B = {
			children = (
				034768E0FF38A50411DB9C8B,
			);
			isa = PBXGroup;
			name = Products;
			refType = 4;
		};
		034768E0FF38A50411DB9C8B = {
			isa = PBXFrameworkReference;
			path = GPGME.framework;
			refType = 3;
		};
//030
//031
//032
//033
//034
//080
//081
//082
//083
//084
		0867D690FE84028FC02AAC07 = {
			buildStyles = (
				014CEA440018CDF011CA2923,
				014CEA450018CDF011CA2923,
			);
			isa = PBXProject;
			mainGroup = 0867D691FE84028FC02AAC07;
			productRefGroup = 034768DFFF38A50411DB9C8B;
			projectDirPath = "";
			targets = (
				0867D69CFE84028FC02AAC07,
			);
		};
		0867D691FE84028FC02AAC07 = {
			children = (
				F56F791B012E3F8001000001,
				0BD1790F012998187F000001,
				08FB77AEFE84172EC02AAC07,
				089C1665FE841158C02AAC07,
				0867D69AFE84028FC02AAC07,
				034768DFFF38A50411DB9C8B,
			);
			isa = PBXGroup;
			name = GPG;
			refType = 4;
		};
		0867D69AFE84028FC02AAC07 = {
			children = (
				1058C7B0FEA5585E11CA2CBB,
				1058C7B2FEA5585E11CA2CBB,
				0BD178F601298EEC7F000001,
			);
			isa = PBXGroup;
			name = "External Frameworks and Libraries";
			refType = 4;
		};
		0867D69BFE84028FC02AAC07 = {
			isa = PBXFrameworkReference;
			name = Foundation.framework;
			path = /System/Library/Frameworks/Foundation.framework;
			refType = 0;
		};
		0867D69CFE84028FC02AAC07 = {
			buildPhases = (
				0867D69DFE84028FC02AAC07,
				0867D69EFE84028FC02AAC07,
				0867D69FFE84028FC02AAC07,
				0867D6A0FE84028FC02AAC07,
				0867D6A2FE84028FC02AAC07,
				F5330347012FC85C01000001,
			);
			buildSettings = {
				DYLIB_COMPATIBILITY_VERSION = 1;
				DYLIB_CURRENT_VERSION = 1;
				FRAMEWORK_SEARCH_PATHS = "";
				FRAMEWORK_VERSION = 0.2.3;
				HEADER_SEARCH_PATHS = /usr/local/include;
				INSTALL_PATH = "$(HOME)/Library/Frameworks";
				LIBRARY_SEARCH_PATHS = /usr/local/lib;
				OPTIMIZATION_CFLAGS = "";
				OTHER_CFLAGS = "-DBUILDINGGPGME";
				OTHER_LDFLAGS = "";
				PRODUCT_NAME = GPGME;
				SECTORDER_FLAGS = "";
				WARNING_CFLAGS = "-Wmost -Wno-four-char-constants -Wno-unknown-pragmas";
				WRAPPER_EXTENSION = framework;
			};
			dependencies = (
			);
			isa = PBXFrameworkTarget;
			name = GPGME;
			productInstallPath = "$(HOME)/Library/Frameworks";
			productName = GPG;
			productReference = 034768E0FF38A50411DB9C8B;
			productSettingsXML = "<?xml version=\"1.0\" encoding=\"UTF-8\"?>
<!DOCTYPE plist SYSTEM \"file://localhost/System/Library/DTDs/PropertyList.dtd\">
<plist version=\"0.9\">
<dict>
	<key>CFBundleDevelopmentRegion</key>
	<string>English</string>
	<key>CFBundleExecutable</key>
	<string>GPGME</string>
	<key>CFBundleIconFile</key>
	<string></string>
	<key>CFBundleIdentifier</key>
	<string></string>
	<key>CFBundleInfoDictionaryVersion</key>
	<string>6.0</string>
	<key>CFBundleName</key>
	<string></string>
	<key>CFBundlePackageType</key>
	<string>FMWK</string>
	<key>CFBundleShortVersionString</key>
	<string>0.2.3</string>
	<key>CFBundleSignature</key>
	<string>????</string>
	<key>CFBundleVersion</key>
	<string>0.2.3</string>
	<key>NSPrincipalClass</key>
	<string></string>
</dict>
</plist>
";
			shouldUseHeadermap = 1;
		};
		0867D69DFE84028FC02AAC07 = {
			buildActionMask = 2147483647;
			files = (
				0BD178E201298E177F000001,
				0BD178E301298E177F000001,
				0BD178E401298E177F000001,
				0BD178E501298E177F000001,
				0BD178E601298E177F000001,
				0BD178E701298E177F000001,
				0BD178E801298E177F000001,
				0BD178E901298E177F000001,
				0BD178EA01298E177F000001,
				0BD178EB01298E177F000001,
				0BD178EC01298E177F000001,
			);
			isa = PBXHeadersBuildPhase;
			name = Headers;
		};
		0867D69EFE84028FC02AAC07 = {
			buildActionMask = 2147483647;
			files = (
				089C1668FE841158C02AAC07,
			);
			isa = PBXResourcesBuildPhase;
			name = "Bundle Resources";
		};
		0867D69FFE84028FC02AAC07 = {
			buildActionMask = 2147483647;
			files = (
				0BD178ED01298E177F000001,
				0BD178EE01298E177F000001,
				0BD178EF01298E177F000001,
				0BD178F001298E177F000001,
				0BD178F101298E177F000001,
				0BD178F201298E177F000001,
				0BD178F301298E177F000001,
				0BD178F401298E177F000001,
			);
			isa = PBXSourcesBuildPhase;
			name = Sources;
		};
		0867D6A0FE84028FC02AAC07 = {
			buildActionMask = 2147483647;
			files = (
				0BD178F501298E177F000001,
				0BD178F701298EEC7F000001,
			);
			isa = PBXFrameworksBuildPhase;
			name = "Frameworks & Libraries";
		};
		0867D6A2FE84028FC02AAC07 = {
			buildActionMask = 2147483647;
			files = (
			);
			isa = PBXRezBuildPhase;
			name = "ResourceManager Resources";
		};
		0867D6A5FE840307C02AAC07 = {
			isa = PBXFrameworkReference;
			name = AppKit.framework;
			path = /System/Library/Frameworks/AppKit.framework;
			refType = 0;
		};
		089C1665FE841158C02AAC07 = {
			children = (
				089C1666FE841158C02AAC07,
			);
			isa = PBXGroup;
			name = Resources;
			refType = 4;
		};
		089C1666FE841158C02AAC07 = {
			children = (
				089C1667FE841158C02AAC07,
			);
			isa = PBXVariantGroup;
			name = InfoPlist.strings;
			refType = 4;
		};
		089C1667FE841158C02AAC07 = {
			fileEncoding = 10;
			isa = PBXFileReference;
			name = English;
			path = English.lproj/InfoPlist.strings;
			refType = 4;
		};
		089C1668FE841158C02AAC07 = {
			fileRef = 089C1666FE841158C02AAC07;
			isa = PBXBuildFile;
			settings = {
			};
		};
		08FB77AEFE84172EC02AAC07 = {
			children = (
				0BD178CF01298E177F000001,
				0BD178D001298E177F000001,
				0BD178D101298E177F000001,
				0BD178D201298E177F000001,
				0BD178D301298E177F000001,
				0BD178D401298E177F000001,
				0BD178D501298E177F000001,
				0BD178D601298E177F000001,
				0BD178D701298E177F000001,
				0BD178D801298E177F000001,
				0BD178D901298E177F000001,
				0BD178DA01298E177F000001,
				0BD178DB01298E177F000001,
				0BD178DC01298E177F000001,
				0BD178DD01298E177F000001,
				0BD178DE01298E177F000001,
				0BD178DF01298E177F000001,
				0BD178E001298E177F000001,
				0BD178E101298E177F000001,
			);
			isa = PBXGroup;
			name = Classes;
			refType = 4;
		};
//080
//081
//082
//083
//084
//0B0
//0B1
//0B2
//0B3
//0B4
		0BD178CF01298E177F000001 = {
			isa = PBXFileReference;
			path = GPG.h;
			refType = 4;
		};
		0BD178D001298E177F000001 = {
			isa = PBXFileReference;
			path = GPGContext.h;
			refType = 4;
		};
		0BD178D101298E177F000001 = {
			isa = PBXFileReference;
			path = GPGContext.m;
			refType = 4;
		};
		0BD178D201298E177F000001 = {
			isa = PBXFileReference;
			path = GPGData.h;
			refType = 4;
		};
		0BD178D301298E177F000001 = {
			isa = PBXFileReference;
			path = GPGData.m;
			refType = 4;
		};
		0BD178D401298E177F000001 = {
			isa = PBXFileReference;
			path = GPGDefines.h;
			refType = 4;
		};
		0BD178D501298E177F000001 = {
			isa = PBXFileReference;
			path = GPGEngine.h;
			refType = 4;
		};
		0BD178D601298E177F000001 = {
			isa = PBXFileReference;
			path = GPGEngine.m;
			refType = 4;
		};
		0BD178D701298E177F000001 = {
			isa = PBXFileReference;
			path = GPGExceptions.h;
			refType = 4;
		};
		0BD178D801298E177F000001 = {
			isa = PBXFileReference;
			path = GPGExceptions.m;
			refType = 4;
		};
		0BD178D901298E177F000001 = {
			isa = PBXFileReference;
			path = GPGInternals.h;
			refType = 4;
		};
		0BD178DA01298E177F000001 = {
			isa = PBXFileReference;
			path = GPGKey.h;
			refType = 4;
		};
		0BD178DB01298E177F000001 = {
			isa = PBXFileReference;
			path = GPGKey.m;
			refType = 4;
		};
		0BD178DC01298E177F000001 = {
			isa = PBXFileReference;
			path = GPGObject.h;
			refType = 4;
		};
		0BD178DD01298E177F000001 = {
			isa = PBXFileReference;
			path = GPGObject.m;
			refType = 4;
		};
		0BD178DE01298E177F000001 = {
			isa = PBXFileReference;
			path = GPGRecipients.h;
			refType = 4;
		};
		0BD178DF01298E177F000001 = {
			isa = PBXFileReference;
			path = GPGRecipients.m;
			refType = 4;
		};
		0BD178E001298E177F000001 = {
			isa = PBXFileReference;
			path = GPGTrustItem.h;
			refType = 4;
		};
		0BD178E101298E177F000001 = {
			isa = PBXFileReference;
			path = GPGTrustItem.m;
			refType = 4;
		};
		0BD178E201298E177F000001 = {
			fileRef = 0BD178CF01298E177F000001;
			isa = PBXBuildFile;
			settings = {
				ATTRIBUTES = (
					Public,
				);
			};
		};
		0BD178E301298E177F000001 = {
			fileRef = 0BD178D001298E177F000001;
			isa = PBXBuildFile;
			settings = {
				ATTRIBUTES = (
					Public,
				);
			};
		};
		0BD178E401298E177F000001 = {
			fileRef = 0BD178D201298E177F000001;
			isa = PBXBuildFile;
			settings = {
				ATTRIBUTES = (
					Public,
				);
			};
		};
		0BD178E501298E177F000001 = {
			fileRef = 0BD178D401298E177F000001;
			isa = PBXBuildFile;
			settings = {
				ATTRIBUTES = (
					Public,
				);
			};
		};
		0BD178E601298E177F000001 = {
			fileRef = 0BD178D501298E177F000001;
			isa = PBXBuildFile;
			settings = {
				ATTRIBUTES = (
					Public,
				);
			};
		};
		0BD178E701298E177F000001 = {
			fileRef = 0BD178D701298E177F000001;
			isa = PBXBuildFile;
			settings = {
				ATTRIBUTES = (
					Public,
				);
			};
		};
		0BD178E801298E177F000001 = {
			fileRef = 0BD178D901298E177F000001;
			isa = PBXBuildFile;
			settings = {
				ATTRIBUTES = (
					Private,
				);
			};
		};
		0BD178E901298E177F000001 = {
			fileRef = 0BD178DA01298E177F000001;
			isa = PBXBuildFile;
			settings = {
				ATTRIBUTES = (
					Public,
				);
			};
		};
		0BD178EA01298E177F000001 = {
			fileRef = 0BD178DC01298E177F000001;
			isa = PBXBuildFile;
			settings = {
				ATTRIBUTES = (
					Public,
				);
			};
		};
		0BD178EB01298E177F000001 = {
			fileRef = 0BD178DE01298E177F000001;
			isa = PBXBuildFile;
			settings = {
				ATTRIBUTES = (
					Public,
				);
			};
		};
		0BD178EC01298E177F000001 = {
			fileRef = 0BD178E001298E177F000001;
			isa = PBXBuildFile;
			settings = {
				ATTRIBUTES = (
					Public,
				);
			};
		};
		0BD178ED01298E177F000001 = {
			fileRef = 0BD178D101298E177F000001;
			isa = PBXBuildFile;
			settings = {
			};
		};
		0BD178EE01298E177F000001 = {
			fileRef = 0BD178D301298E177F000001;
			isa = PBXBuildFile;
			settings = {
			};
		};
		0BD178EF01298E177F000001 = {
			fileRef = 0BD178D601298E177F000001;
			isa = PBXBuildFile;
			settings = {
			};
		};
		0BD178F001298E177F000001 = {
			fileRef = 0BD178D801298E177F000001;
			isa = PBXBuildFile;
			settings = {
			};
		};
		0BD178F101298E177F000001 = {
			fileRef = 0BD178DB01298E177F000001;
			isa = PBXBuildFile;
			settings = {
			};
		};
		0BD178F201298E177F000001 = {
			fileRef = 0BD178DD01298E177F000001;
			isa = PBXBuildFile;
			settings = {
			};
		};
		0BD178F301298E177F000001 = {
			fileRef = 0BD178DF01298E177F000001;
			isa = PBXBuildFile;
			settings = {
			};
		};
		0BD178F401298E177F000001 = {
			fileRef = 0BD178E101298E177F000001;
			isa = PBXBuildFile;
			settings = {
			};
		};
		0BD178F501298E177F000001 = {
			fileRef = 0867D69BFE84028FC02AAC07;
			isa = PBXBuildFile;
			settings = {
			};
		};
		0BD178F601298EEC7F000001 = {
			isa = PBXFileReference;
			name = libgpgme.a;
			path = /usr/local/lib/libgpgme.a;
			refType = 0;
		};
		0BD178F701298EEC7F000001 = {
			fileRef = 0BD178F601298EEC7F000001;
			isa = PBXBuildFile;
			settings = {
			};
		};
		0BD1790F012998187F000001 = {
			isa = PBXFileReference;
			name = gpgme.h;
			path = /usr/local/include/gpgme.h;
			refType = 0;
		};
//0B0
//0B1
//0B2
//0B3
//0B4
//100
//101
//102
//103
//104
		1058C7B0FEA5585E11CA2CBB = {
			children = (
				1058C7B1FEA5585E11CA2CBB,
			);
			isa = PBXGroup;
			name = "Linked Frameworks";
			refType = 4;
		};
		1058C7B1FEA5585E11CA2CBB = {
			isa = PBXFrameworkReference;
			name = Cocoa.framework;
			path = /System/Library/Frameworks/Cocoa.framework;
			refType = 0;
		};
		1058C7B2FEA5585E11CA2CBB = {
			children = (
				0867D69BFE84028FC02AAC07,
				0867D6A5FE840307C02AAC07,
			);
			isa = PBXGroup;
			name = "Other Frameworks";
			refType = 4;
		};
//100
//101
//102
//103
//104
//F50
//F51
//F52
//F53
//F54
		F5330347012FC85C01000001 = {
			buildActionMask = 8;
			files = (
			);
			generatedFileNames = (
			);
			isa = PBXShellScriptBuildPhase;
			name = "Shell Script";
			neededFileNames = (
			);
			shellPath = /bin/sh;
			shellScript = "MKDIRS=\"mkdir -p\"\nAUTODOC=/usr/local/bin/autodoc\nAUTODOC_FLAGS=\"-copydocs -timestamp -allclasses\"\nAUTODOC_FORMAT=html\nAUTODOC_LANGUAGE=English\nexport AD_COPYRIGHT=\"Mac GPG Project\"\n\n# If autodoc is not installed, we quit without any error\ntest -x $AUTODOC || exit 0\n\nPUBLIC_DOC_INSTALLDIR=\"$SYMROOT/$PRODUCT_NAME.framework/Resources/$AUTODOC_LANGUAGE.lproj/Documentation\"\n\n# We need to write down file names here\nAUTODOC_FILES=\"GPGContext.h GPGData.h GPGEngine.h GPGExceptions.h GPGKey.h GPGObject.h GPGRecipients.h GPGTrustItem.h\"\nAUTODOC_DOCDIR=\"$PUBLIC_DOC_INSTALLDIR\"\n\nOTHER_AUTODOC_FLAGS=\"-typedirs -allclasses -combine -force -nosingles\"\n\nALL_AUTODOC_FLAGS=\"$AUTODOC_FLAGS $OTHER_AUTODOC_FLAGS\"\n\n$MKDIRS $PUBLIC_DOC_INSTALLDIR\n$AUTODOC $ALL_AUTODOC_FLAGS -format $AUTODOC_FORMAT -dest $AUTODOC_DOCDIR $AUTODOC_FILES\n";
		};
		F56F791B012E3F8001000001 = {
			children = (
				F56F791C012E3F8001000001,
			);
			isa = PBXGroup;
			name = Documentation;
			refType = 4;
		};
		F56F791C012E3F8001000001 = {
			isa = PBXFileReference;
			path = README;
			refType = 4;
		};
	};
	rootObject = 0867D690FE84028FC02AAC07;
}
