// !$*UTF8*$!
{
	archiveVersion = 1;
	classes = {
	};
	objectVersion = 34;
	objects = {
		014CEA440018CDF011CA2923 = {
			buildRules = (
			);
			buildSettings = {
				COPY_PHASE_STRIP = NO;
				OPTIMIZATION_CFLAGS = "-O0";
			};
			isa = PBXBuildStyle;
			name = Development;
		};
		014CEA450018CDF011CA2923 = {
			buildRules = (
			);
			buildSettings = {
				COPY_PHASE_STRIP = YES;
				OPTIMIZATION_CFLAGS = "-O3";
			};
			isa = PBXBuildStyle;
			name = Deployment;
		};
//010
//011
//012
//013
//014
//030
//031
//032
//033
//034
		034768DFFF38A50411DB9C8B = {
			children = (
				034768E0FF38A50411DB9C8B,
				F550BC3F0201F10201A80016,
			);
			isa = PBXGroup;
			name = Products;
			refType = 4;
		};
		034768E0FF38A50411DB9C8B = {
			isa = PBXFrameworkReference;
			path = GPGME.framework;
			refType = 3;
		};
//030
//031
//032
//033
//034
//080
//081
//082
//083
//084
		0867D690FE84028FC02AAC07 = {
			buildStyles = (
				F550BC470201F10201A80016,
				F550BC480201F10201A80016,
				014CEA440018CDF011CA2923,
				014CEA450018CDF011CA2923,
			);
			isa = PBXProject;
			mainGroup = 0867D691FE84028FC02AAC07;
			productRefGroup = 034768DFFF38A50411DB9C8B;
			projectDirPath = "";
			targets = (
				0867D69CFE84028FC02AAC07,
				F550BC400201F10201A80016,
				F550BC6A0201F88D01A80016,
			);
		};
		0867D691FE84028FC02AAC07 = {
			children = (
				F550BC4A0201F2BB01A80016,
				F56F791B012E3F8001000001,
				0BD1790F012998187F000001,
				08FB77AEFE84172EC02AAC07,
				089C1665FE841158C02AAC07,
				0867D69AFE84028FC02AAC07,
				034768DFFF38A50411DB9C8B,
			);
			isa = PBXGroup;
			name = GPG;
			refType = 4;
		};
		0867D69AFE84028FC02AAC07 = {
			children = (
				1058C7B0FEA5585E11CA2CBB,
				1058C7B2FEA5585E11CA2CBB,
				0BD178F601298EEC7F000001,
			);
			isa = PBXGroup;
			name = "External Frameworks and Libraries";
			refType = 4;
		};
		0867D69BFE84028FC02AAC07 = {
			isa = PBXFrameworkReference;
			name = Foundation.framework;
			path = /System/Library/Frameworks/Foundation.framework;
			refType = 0;
		};
		0867D69CFE84028FC02AAC07 = {
			buildPhases = (
				0867D69DFE84028FC02AAC07,
				0867D69EFE84028FC02AAC07,
				0867D69FFE84028FC02AAC07,
				0867D6A0FE84028FC02AAC07,
				0867D6A2FE84028FC02AAC07,
				F5330347012FC85C01000001,
			);
			buildSettings = {
				DYLIB_COMPATIBILITY_VERSION = 5;
				DYLIB_CURRENT_VERSION = 5;
				FRAMEWORK_SEARCH_PATHS = "";
				FRAMEWORK_VERSION = 0.3.4;
				HEADER_SEARCH_PATHS = /usr/local/include;
				IMPLICITLY_INCLUDED_HEADERS = /usr/local/include/gpgme.h;
				INSTALL_PATH = Library/Frameworks;
				LIBRARY_SEARCH_PATHS = /usr/local/lib;
				OTHER_CFLAGS = "-DBUILDINGGPGME";
				OTHER_LDFLAGS = "-seg1addr 0x18000000";
				PRODUCT_NAME = GPGME;
				SECTORDER_FLAGS = "";
				WARNING_CFLAGS = "-Wmost -Wno-four-char-constants -Wno-unknown-pragmas";
				WRAPPER_EXTENSION = framework;
			};
			dependencies = (
			);
			isa = PBXFrameworkTarget;
			name = GPGME;
			productInstallPath = Library/Frameworks;
			productName = GPG;
			productReference = 034768E0FF38A50411DB9C8B;
			productSettingsXML = "<?xml version=\"1.0\" encoding=\"UTF-8\"?>
<!DOCTYPE plist SYSTEM \"file://localhost/System/Library/DTDs/PropertyList.dtd\">
<plist version=\"0.9\">
<dict>
	<key>CFBundleDevelopmentRegion</key>
	<string>English</string>
	<key>CFBundleExecutable</key>
	<string>GPGME</string>
	<key>CFBundleIconFile</key>
	<string></string>
	<key>CFBundleIdentifier</key>
	<string></string>
	<key>CFBundleInfoDictionaryVersion</key>
	<string>6.0</string>
	<key>CFBundleName</key>
	<string></string>
	<key>CFBundlePackageType</key>
	<string>FMWK</string>
	<key>CFBundleShortVersionString</key>
	<string>0.3.4</string>
	<key>CFBundleSignature</key>
	<string>????</string>
	<key>CFBundleVersion</key>
	<string>0.3.4</string>
	<key>NSPrincipalClass</key>
	<string></string>
</dict>
</plist>
";
			shouldUseHeadermap = 1;
		};
		0867D69DFE84028FC02AAC07 = {
			buildActionMask = 2147483647;
			files = (
				0BD178E201298E177F000001,
				0BD178E301298E177F000001,
				0BD178E401298E177F000001,
				0BD178E501298E177F000001,
				0BD178E601298E177F000001,
				0BD178E701298E177F000001,
				0BD178E801298E177F000001,
				0BD178E901298E177F000001,
				0BD178EA01298E177F000001,
				0BD178EB01298E177F000001,
				0BD178EC01298E177F000001,
			);
			isa = PBXHeadersBuildPhase;
			name = Headers;
		};
		0867D69EFE84028FC02AAC07 = {
			buildActionMask = 2147483647;
			files = (
				089C1668FE841158C02AAC07,
			);
			isa = PBXResourcesBuildPhase;
			name = "Bundle Resources";
		};
		0867D69FFE84028FC02AAC07 = {
			buildActionMask = 2147483647;
			files = (
				0BD178ED01298E177F000001,
				0BD178EE01298E177F000001,
				0BD178EF01298E177F000001,
				0BD178F001298E177F000001,
				0BD178F101298E177F000001,
				0BD178F201298E177F000001,
				0BD178F301298E177F000001,
				0BD178F401298E177F000001,
			);
			isa = PBXSourcesBuildPhase;
			name = Sources;
		};
		0867D6A0FE84028FC02AAC07 = {
			buildActionMask = 2147483647;
			files = (
				0BD178F501298E177F000001,
				0BD178F701298EEC7F000001,
			);
			isa = PBXFrameworksBuildPhase;
			name = "Frameworks & Libraries";
		};
		0867D6A2FE84028FC02AAC07 = {
			buildActionMask = 2147483647;
			files = (
			);
			isa = PBXRezBuildPhase;
			name = "ResourceManager Resources";
		};
		0867D6A5FE840307C02AAC07 = {
			isa = PBXFrameworkReference;
			name = AppKit.framework;
			path = /System/Library/Frameworks/AppKit.framework;
			refType = 0;
		};
		089C1665FE841158C02AAC07 = {
			children = (
				089C1666FE841158C02AAC07,
			);
			isa = PBXGroup;
			name = Resources;
			refType = 4;
		};
		089C1666FE841158C02AAC07 = {
			children = (
				089C1667FE841158C02AAC07,
			);
			isa = PBXVariantGroup;
			name = InfoPlist.strings;
			refType = 4;
		};
		089C1667FE841158C02AAC07 = {
			fileEncoding = 10;
			isa = PBXFileReference;
			name = English;
			path = English.lproj/InfoPlist.strings;
			refType = 4;
		};
		089C1668FE841158C02AAC07 = {
			fileRef = 089C1666FE841158C02AAC07;
			isa = PBXBuildFile;
			settings = {
			};
		};
		08FB77AEFE84172EC02AAC07 = {
			children = (
				0BD178CF01298E177F000001,
				0BD178D001298E177F000001,
				0BD178D101298E177F000001,
				0BD178D201298E177F000001,
				0BD178D301298E177F000001,
				0BD178D401298E177F000001,
				0BD178D501298E177F000001,
				0BD178D601298E177F000001,
				0BD178D701298E177F000001,
				0BD178D801298E177F000001,
				0BD178D901298E177F000001,
				0BD178DA01298E177F000001,
				0BD178DB01298E177F000001,
				0BD178DC01298E177F000001,
				0BD178DD01298E177F000001,
				0BD178DE01298E177F000001,
				0BD178DF01298E177F000001,
				0BD178E001298E177F000001,
				0BD178E101298E177F000001,
			);
			isa = PBXGroup;
			name = Classes;
			refType = 4;
		};
//080
//081
//082
//083
//084
//0B0
//0B1
//0B2
//0B3
//0B4
		0BD178CF01298E177F000001 = {
			isa = PBXFileReference;
			path = GPGME.h;
			refType = 4;
		};
		0BD178D001298E177F000001 = {
			isa = PBXFileReference;
			path = GPGContext.h;
			refType = 4;
		};
		0BD178D101298E177F000001 = {
			isa = PBXFileReference;
			path = GPGContext.m;
			refType = 4;
		};
		0BD178D201298E177F000001 = {
			isa = PBXFileReference;
			path = GPGData.h;
			refType = 4;
		};
		0BD178D301298E177F000001 = {
			isa = PBXFileReference;
			path = GPGData.m;
			refType = 4;
		};
		0BD178D401298E177F000001 = {
			isa = PBXFileReference;
			path = GPGDefines.h;
			refType = 4;
		};
		0BD178D501298E177F000001 = {
			isa = PBXFileReference;
			path = GPGEngine.h;
			refType = 4;
		};
		0BD178D601298E177F000001 = {
			isa = PBXFileReference;
			path = GPGEngine.m;
			refType = 4;
		};
		0BD178D701298E177F000001 = {
			isa = PBXFileReference;
			path = GPGExceptions.h;
			refType = 4;
		};
		0BD178D801298E177F000001 = {
			isa = PBXFileReference;
			path = GPGExceptions.m;
			refType = 4;
		};
		0BD178D901298E177F000001 = {
			isa = PBXFileReference;
			path = GPGInternals.h;
			refType = 4;
		};
		0BD178DA01298E177F000001 = {
			isa = PBXFileReference;
			path = GPGKey.h;
			refType = 4;
		};
		0BD178DB01298E177F000001 = {
			isa = PBXFileReference;
			path = GPGKey.m;
			refType = 4;
		};
		0BD178DC01298E177F000001 = {
			isa = PBXFileReference;
			path = GPGObject.h;
			refType = 4;
		};
		0BD178DD01298E177F000001 = {
			isa = PBXFileReference;
			path = GPGObject.m;
			refType = 4;
		};
		0BD178DE01298E177F000001 = {
			isa = PBXFileReference;
			path = GPGRecipients.h;
			refType = 4;
		};
		0BD178DF01298E177F000001 = {
			isa = PBXFileReference;
			path = GPGRecipients.m;
			refType = 4;
		};
		0BD178E001298E177F000001 = {
			isa = PBXFileReference;
			path = GPGTrustItem.h;
			refType = 4;
		};
		0BD178E101298E177F000001 = {
			isa = PBXFileReference;
			path = GPGTrustItem.m;
			refType = 4;
		};
		0BD178E201298E177F000001 = {
			fileRef = 0BD178CF01298E177F000001;
			isa = PBXBuildFile;
			settings = {
				ATTRIBUTES = (
					Public,
				);
			};
		};
		0BD178E301298E177F000001 = {
			fileRef = 0BD178D001298E177F000001;
			isa = PBXBuildFile;
			settings = {
				ATTRIBUTES = (
					Public,
				);
			};
		};
		0BD178E401298E177F000001 = {
			fileRef = 0BD178D201298E177F000001;
			isa = PBXBuildFile;
			settings = {
				ATTRIBUTES = (
					Public,
				);
			};
		};
		0BD178E501298E177F000001 = {
			fileRef = 0BD178D401298E177F000001;
			isa = PBXBuildFile;
			settings = {
				ATTRIBUTES = (
					Public,
				);
			};
		};
		0BD178E601298E177F000001 = {
			fileRef = 0BD178D501298E177F000001;
			isa = PBXBuildFile;
			settings = {
				ATTRIBUTES = (
					Public,
				);
			};
		};
		0BD178E701298E177F000001 = {
			fileRef = 0BD178D701298E177F000001;
			isa = PBXBuildFile;
			settings = {
				ATTRIBUTES = (
					Public,
				);
			};
		};
		0BD178E801298E177F000001 = {
			fileRef = 0BD178D901298E177F000001;
			isa = PBXBuildFile;
			settings = {
				ATTRIBUTES = (
					Private,
				);
			};
		};
		0BD178E901298E177F000001 = {
			fileRef = 0BD178DA01298E177F000001;
			isa = PBXBuildFile;
			settings = {
				ATTRIBUTES = (
					Public,
				);
			};
		};
		0BD178EA01298E177F000001 = {
			fileRef = 0BD178DC01298E177F000001;
			isa = PBXBuildFile;
			settings = {
				ATTRIBUTES = (
					Public,
				);
			};
		};
		0BD178EB01298E177F000001 = {
			fileRef = 0BD178DE01298E177F000001;
			isa = PBXBuildFile;
			settings = {
				ATTRIBUTES = (
					Public,
				);
			};
		};
		0BD178EC01298E177F000001 = {
			fileRef = 0BD178E001298E177F000001;
			isa = PBXBuildFile;
			settings = {
				ATTRIBUTES = (
					Public,
				);
			};
		};
		0BD178ED01298E177F000001 = {
			fileRef = 0BD178D101298E177F000001;
			isa = PBXBuildFile;
			settings = {
			};
		};
		0BD178EE01298E177F000001 = {
			fileRef = 0BD178D301298E177F000001;
			isa = PBXBuildFile;
			settings = {
			};
		};
		0BD178EF01298E177F000001 = {
			fileRef = 0BD178D601298E177F000001;
			isa = PBXBuildFile;
			settings = {
			};
		};
		0BD178F001298E177F000001 = {
			fileRef = 0BD178D801298E177F000001;
			isa = PBXBuildFile;
			settings = {
			};
		};
		0BD178F101298E177F000001 = {
			fileRef = 0BD178DB01298E177F000001;
			isa = PBXBuildFile;
			settings = {
			};
		};
		0BD178F201298E177F000001 = {
			fileRef = 0BD178DD01298E177F000001;
			isa = PBXBuildFile;
			settings = {
			};
		};
		0BD178F301298E177F000001 = {
			fileRef = 0BD178DF01298E177F000001;
			isa = PBXBuildFile;
			settings = {
			};
		};
		0BD178F401298E177F000001 = {
			fileRef = 0BD178E101298E177F000001;
			isa = PBXBuildFile;
			settings = {
			};
		};
		0BD178F501298E177F000001 = {
			fileRef = 0867D69BFE84028FC02AAC07;
			isa = PBXBuildFile;
			settings = {
			};
		};
		0BD178F601298EEC7F000001 = {
			isa = PBXFileReference;
			name = libgpgme.a;
			path = /usr/local/lib/libgpgme.a;
			refType = 0;
		};
		0BD178F701298EEC7F000001 = {
			fileRef = 0BD178F601298EEC7F000001;
			isa = PBXBuildFile;
			settings = {
			};
		};
		0BD1790F012998187F000001 = {
			isa = PBXFileReference;
			name = gpgme.h;
			path = /usr/local/include/gpgme.h;
			refType = 0;
		};
//0B0
//0B1
//0B2
//0B3
//0B4
//100
//101
//102
//103
//104
		1058C7B0FEA5585E11CA2CBB = {
			children = (
				1058C7B1FEA5585E11CA2CBB,
			);
			isa = PBXGroup;
			name = "Linked Frameworks";
			refType = 4;
		};
		1058C7B1FEA5585E11CA2CBB = {
			isa = PBXFrameworkReference;
			name = Cocoa.framework;
			path = /System/Library/Frameworks/Cocoa.framework;
			refType = 0;
		};
		1058C7B2FEA5585E11CA2CBB = {
			children = (
				0867D69BFE84028FC02AAC07,
				0867D6A5FE840307C02AAC07,
			);
			isa = PBXGroup;
			name = "Other Frameworks";
			refType = 4;
		};
//100
//101
//102
//103
//104
//F50
//F51
//F52
//F53
//F54
		F5330347012FC85C01000001 = {
			buildActionMask = 8;
			files = (
			);
			generatedFileNames = (
			);
			isa = PBXShellScriptBuildPhase;
			name = "Shell Script";
			neededFileNames = (
			);
			shellPath = /bin/sh;
			shellScript = "sh make-documentation.sh \"$ACTION\" \"$SYMROOT/$PRODUCT_NAME.framework/Resources/English.lproj/Documentation\"\n";
		};
		F53E87C40202065B01A80016 = {
			fileRef = 1058C7B1FEA5585E11CA2CBB;
			isa = PBXBuildFile;
			settings = {
			};
		};
		F53E87DC0202125E01A80016 = {
			isa = PBXFileReference;
			path = IntroGPGME.html;
			refType = 4;
		};
		F550BC3F0201F10201A80016 = {
			isa = PBXApplicationReference;
			path = GPGTester.app;
			refType = 3;
		};
		F550BC400201F10201A80016 = {
			buildPhases = (
				F550BC420201F10201A80016,
				F550BC430201F10201A80016,
				F550BC440201F10201A80016,
				F550BC450201F10201A80016,
				F550BC460201F10201A80016,
				F550BC660201F37E01A80016,
			);
			buildSettings = {
				INSTALL_PATH = "$(USER_APPS_DIR)";
				OTHER_CFLAGS = "";
				OTHER_LDFLAGS = "";
				OTHER_REZFLAGS = "";
				PRODUCT_NAME = GPGTester;
				SECTORDER_FLAGS = "";
				WARNING_CFLAGS = "-Wmost -Wno-four-char-constants -Wno-unknown-pragmas";
				WRAPPER_EXTENSION = app;
			};
			dependencies = (
				F550BC410201F10201A80016,
			);
			isa = PBXApplicationTarget;
			name = GPGTester;
			productInstallPath = "$(USER_APPS_DIR)";
			productName = GPGTester;
			productReference = F550BC3F0201F10201A80016;
			productSettingsXML = "<?xml version=\"1.0\" encoding=\"UTF-8\"?>
<!DOCTYPE plist SYSTEM \"file://localhost/System/Library/DTDs/PropertyList.dtd\">
<plist version=\"0.9\">
<dict>
	<key>CFBundleDevelopmentRegion</key>
	<string>English</string>
	<key>CFBundleExecutable</key>
	<string>GPGTester</string>
	<key>CFBundleGetInfoString</key>
	<string>0.3.2</string>
	<key>CFBundleIconFile</key>
	<string></string>
	<key>CFBundleIdentifier</key>
	<string>net.sourceforge.macgpg.gpgtester</string>
	<key>CFBundleInfoDictionaryVersion</key>
	<string>6.0</string>
	<key>CFBundleName</key>
	<string></string>
	<key>CFBundlePackageType</key>
	<string>APPL</string>
	<key>CFBundleShortVersionString</key>
	<string>0.3.2</string>
	<key>CFBundleSignature</key>
	<string>????</string>
	<key>CFBundleVersion</key>
	<string>0.3.2</string>
	<key>NSMainNibFile</key>
	<string>GPGTester.nib</string>
	<key>NSPrincipalClass</key>
	<string>NSApplication</string>
</dict>
</plist>
";
			shouldUseHeadermap = 0;
		};
		F550BC410201F10201A80016 = {
			isa = PBXTargetDependency;
			target = 0867D69CFE84028FC02AAC07;
		};
		F550BC420201F10201A80016 = {
			buildActionMask = 2147483647;
			files = (
				F550BC5A0201F2BC01A80016,
			);
			isa = PBXHeadersBuildPhase;
			name = Headers;
		};
		F550BC430201F10201A80016 = {
			buildActionMask = 2147483647;
			files = (
				F550BC5B0201F2BC01A80016,
				F550BC5C0201F2BC01A80016,
				F550BC5D0201F2BC01A80016,
				F550BC5E0201F2BC01A80016,
				F550BC5F0201F2BC01A80016,
				F550BC600201F2BC01A80016,
				F550BC610201F2BC01A80016,
			);
			isa = PBXResourcesBuildPhase;
			name = "Bundle Resources";
		};
		F550BC440201F10201A80016 = {
			buildActionMask = 2147483647;
			files = (
				F550BC620201F2BC01A80016,
				F550BC690201F49101A80016,
			);
			isa = PBXSourcesBuildPhase;
			name = Sources;
		};
		F550BC450201F10201A80016 = {
			buildActionMask = 2147483647;
			files = (
				F550BC650201F34F01A80016,
				F53E87C40202065B01A80016,
			);
			isa = PBXFrameworksBuildPhase;
			name = "Frameworks & Libraries";
		};
		F550BC460201F10201A80016 = {
			buildActionMask = 2147483647;
			files = (
			);
			isa = PBXRezBuildPhase;
			name = "ResourceManager Resources";
		};
		F550BC470201F10201A80016 = {
			buildRules = (
			);
			buildSettings = {
				COPY_PHASE_STRIP = NO;
				INSTALL_PATH = "@executable_path/../Frameworks";
				OPTIMIZATION_CFLAGS = "-O0";
				SKIP_INSTALL = YES;
			};
			isa = PBXBuildStyle;
			name = EmbDevelopment;
		};
		F550BC480201F10201A80016 = {
			buildRules = (
			);
			buildSettings = {
				COPY_PHASE_STRIP = YES;
				INSTALL_PATH = "@executable_path/../Frameworks";
				OPTIMIZATION_CFLAGS = "-O3";
				SKIP_INSTALL = YES;
			};
			isa = PBXBuildStyle;
			name = EmbDeployment;
		};
		F550BC4A0201F2BB01A80016 = {
			children = (
				F550BC630201F30B01A80016,
				F550BC4B0201F2BB01A80016,
				F550BC4C0201F2BB01A80016,
				F550BC4F0201F2BB01A80016,
			);
			isa = PBXGroup;
			name = GPGTester;
			refType = 4;
		};
		F550BC4B0201F2BB01A80016 = {
			children = (
				F550BC680201F49001A80016,
			);
			isa = PBXGroup;
			name = "Other Sources";
			refType = 4;
		};
		F550BC4C0201F2BB01A80016 = {
			children = (
				F550BC4D0201F2BB01A80016,
				F550BC4E0201F2BB01A80016,
			);
			isa = PBXGroup;
			name = Classes;
			refType = 4;
		};
		F550BC4D0201F2BB01A80016 = {
			isa = PBXFileReference;
			name = Controller.h;
			path = GPGTester/Controller.h;
			refType = 4;
		};
		F550BC4E0201F2BB01A80016 = {
			isa = PBXFileReference;
			name = Controller.m;
			path = GPGTester/Controller.m;
			refType = 4;
		};
		F550BC4F0201F2BB01A80016 = {
			children = (
				F550BC500201F2BB01A80016,
				F550BC510201F2BB01A80016,
				F550BC520201F2BB01A80016,
				F550BC530201F2BB01A80016,
				F550BC540201F2BB01A80016,
				F550BC550201F2BB01A80016,
				F550BC580201F2BB01A80016,
			);
			isa = PBXGroup;
			name = Resources;
			path = "";
			refType = 4;
		};
		F550BC500201F2BB01A80016 = {
			isa = PBXFileReference;
			name = CheckMark.tiff;
			path = GPGTester/CheckMark.tiff;
			refType = 4;
		};
		F550BC510201F2BB01A80016 = {
			isa = PBXFileReference;
			name = idle1.tiff;
			path = GPGTester/idle1.tiff;
			refType = 4;
		};
		F550BC520201F2BB01A80016 = {
			isa = PBXFileReference;
			name = idle2.tiff;
			path = GPGTester/idle2.tiff;
			refType = 4;
		};
		F550BC530201F2BB01A80016 = {
			isa = PBXFileReference;
			name = idle3.tiff;
			path = GPGTester/idle3.tiff;
			refType = 4;
		};
		F550BC540201F2BB01A80016 = {
			isa = PBXFileReference;
			name = idle4.tiff;
			path = GPGTester/idle4.tiff;
			refType = 4;
		};
		F550BC550201F2BB01A80016 = {
			children = (
				F550BC560201F2BB01A80016,
				F550BC570201F2BB01A80016,
			);
			isa = PBXVariantGroup;
			name = GPGTester.nib;
			path = "";
			refType = 4;
		};
		F550BC560201F2BB01A80016 = {
			isa = PBXFileReference;
			name = "English - macos";
			path = "GPGTester/English.lproj/GPGTester-macos.nib";
			refType = 4;
		};
		F550BC570201F2BB01A80016 = {
			isa = PBXFileReference;
			name = English;
			path = GPGTester/English.lproj/GPGTester.nib;
			refType = 4;
		};
		F550BC580201F2BB01A80016 = {
			children = (
				F550BC590201F2BB01A80016,
			);
			isa = PBXVariantGroup;
			name = InfoPlist.strings;
			path = "";
			refType = 4;
		};
		F550BC590201F2BB01A80016 = {
			isa = PBXFileReference;
			name = English;
			path = GPGTester/English.lproj/InfoPlist.strings;
			refType = 4;
		};
		F550BC5A0201F2BC01A80016 = {
			fileRef = F550BC4D0201F2BB01A80016;
			isa = PBXBuildFile;
			settings = {
			};
		};
		F550BC5B0201F2BC01A80016 = {
			fileRef = F550BC500201F2BB01A80016;
			isa = PBXBuildFile;
			settings = {
			};
		};
		F550BC5C0201F2BC01A80016 = {
			fileRef = F550BC510201F2BB01A80016;
			isa = PBXBuildFile;
			settings = {
			};
		};
		F550BC5D0201F2BC01A80016 = {
			fileRef = F550BC520201F2BB01A80016;
			isa = PBXBuildFile;
			settings = {
			};
		};
		F550BC5E0201F2BC01A80016 = {
			fileRef = F550BC530201F2BB01A80016;
			isa = PBXBuildFile;
			settings = {
			};
		};
		F550BC5F0201F2BC01A80016 = {
			fileRef = F550BC540201F2BB01A80016;
			isa = PBXBuildFile;
			settings = {
			};
		};
		F550BC600201F2BC01A80016 = {
			fileRef = F550BC550201F2BB01A80016;
			isa = PBXBuildFile;
			settings = {
			};
		};
		F550BC610201F2BC01A80016 = {
			fileRef = F550BC580201F2BB01A80016;
			isa = PBXBuildFile;
			settings = {
			};
		};
		F550BC620201F2BC01A80016 = {
			fileRef = F550BC4E0201F2BB01A80016;
			isa = PBXBuildFile;
			settings = {
			};
		};
		F550BC630201F30B01A80016 = {
			children = (
				F550BC640201F30B01A80016,
			);
			isa = PBXGroup;
			name = Documentation;
			refType = 4;
		};
		F550BC640201F30B01A80016 = {
			isa = PBXFileReference;
			name = NOTES;
			path = GPGTester/NOTES;
			refType = 4;
		};
		F550BC650201F34F01A80016 = {
			fileRef = 034768E0FF38A50411DB9C8B;
			isa = PBXBuildFile;
			settings = {
			};
		};
		F550BC660201F37E01A80016 = {
			buildActionMask = 2147483647;
			dstPath = "";
			dstSubfolderSpec = 10;
			files = (
				F550BC670201F37E01A80016,
			);
			isa = PBXCopyFilesBuildPhase;
			name = "Copy Files";
		};
		F550BC670201F37E01A80016 = {
			fileRef = 034768E0FF38A50411DB9C8B;
			isa = PBXBuildFile;
			settings = {
			};
		};
		F550BC680201F49001A80016 = {
			isa = PBXFileReference;
			name = GPGTester_main.m;
			path = GPGTester/GPGTester_main.m;
			refType = 4;
		};
		F550BC690201F49101A80016 = {
			fileRef = F550BC680201F49001A80016;
			isa = PBXBuildFile;
			settings = {
			};
		};
		F550BC6A0201F88D01A80016 = {
			buildArgumentsString = "make-documentation.sh \"$ACTION\" \"$DOC_PATH\"";
			buildPhases = (
			);
			buildSettings = {
				DOC_PATH = /Library/Documentation/GPGME;
				OTHER_CFLAGS = "";
				OTHER_LDFLAGS = "";
				OTHER_REZFLAGS = "";
				PRODUCT_NAME = "GPGME Documentation";
				SECTORDER_FLAGS = "";
				WARNING_CFLAGS = "-Wmost -Wno-four-char-constants -Wno-unknown-pragmas";
			};
			buildToolPath = /bin/sh;
			dependencies = (
			);
			isa = PBXLegacyTarget;
			name = "GPGME Documentation";
			productName = "GPGME Documentation";
			settingsToExpand = 6;
			settingsToPassInEnvironment = 25;
			settingsToPassOnCommandLine = 280;
			shouldUseHeadermap = 0;
		};
		F550BC6B0201F8D201A80016 = {
			isa = PBXFileReference;
			path = "make-documentation.sh";
			refType = 4;
		};
		F56F791B012E3F8001000001 = {
			children = (
				F550BC6B0201F8D201A80016,
				F56F791C012E3F8001000001,
				F53E87DC0202125E01A80016,
			);
			isa = PBXGroup;
			name = Documentation;
			refType = 4;
		};
		F56F791C012E3F8001000001 = {
			isa = PBXFileReference;
			path = README;
			refType = 4;
		};
	};
	rootObject = 0867D690FE84028FC02AAC07;
}
